
Microsoft Visual Studio Solution File, Format Version 12.00
# Visual Studio 14
VisualStudioVersion = 14.0.24720.0
MinimumVisualStudioVersion = 10.0.40219.1
Project("{FAE04EC0-301F-11D3-BF4B-00C04F79EFBC}") = "Average Tempreture", "Worksheet1\Average Tempreture.csproj", "{65707224-8D07-4383-BA8A-F75704310337}"
EndProject
Project("{FAE04EC0-301F-11D3-BF4B-00C04F79EFBC}") = "Multiplication Table", "ConsoleApplication1\Multiplication Table.csproj", "{182CEDF6-50F1-45FD-B015-59F751F5D1E9}"
EndProject
Project("{FAE04EC0-301F-11D3-BF4B-00C04F79EFBC}") = "Average Age of Student", "ConsoleApplication2\Average Age of Student.csproj", "{3F99935B-9194-4651-A89D-927B03844474}"
EndProject
Project("{FAE04EC0-301F-11D3-BF4B-00C04F79EFBC}") = "Enter the ammout of Stars", "ConsoleApplication3\Enter the ammout of Stars.csproj", "{D3A7C067-D6E2-4ADF-8839-EFFE8DD1DFDF}"
EndProject
Project("{FAE04EC0-301F-11D3-BF4B-00C04F79EFBC}") = "Right Angle Triangle", "Right Angle Triangle\Right Angle Triangle.csproj", "{75EBBFC9-211F-4B98-900A-7B98C5963EC7}"
EndProject
Project("{FAE04EC0-301F-11D3-BF4B-00C04F79EFBC}") = "Calculate BMI", "Calculate BMI\Calculate BMI.csproj", "{EC21E7F7-AEED-4AFD-844A-A59ED0F5C21D}"
EndProject
Project("{FAE04EC0-301F-11D3-BF4B-00C04F79EFBC}") = "Triangle With Top in the Middle", "ConsoleApplication4\Triangle With Top in the Middle.csproj", "{CC34AEC8-CC76-4304-A4E8-F5F3D2751DE4}"
EndProject
Project("{FAE04EC0-301F-11D3-BF4B-00C04F79EFBC}") = "Classes Area of Rec", "Classes Area\Classes Area of Rec.csproj", "{C7FCA460-6D1A-49CD-BAED-1EBC6834DB4A}"
EndProject
Global
	GlobalSection(SolutionConfigurationPlatforms) = preSolution
		Debug|Any CPU = Debug|Any CPU
		Release|Any CPU = Release|Any CPU
	EndGlobalSection
	GlobalSection(ProjectConfigurationPlatforms) = postSolution
		{65707224-8D07-4383-BA8A-F75704310337}.Debug|Any CPU.ActiveCfg = Debug|Any CPU
		{65707224-8D07-4383-BA8A-F75704310337}.Debug|Any CPU.Build.0 = Debug|Any CPU
		{65707224-8D07-4383-BA8A-F75704310337}.Release|Any CPU.ActiveCfg = Release|Any CPU
		{65707224-8D07-4383-BA8A-F75704310337}.Release|Any CPU.Build.0 = Release|Any CPU
		{182CEDF6-50F1-45FD-B015-59F751F5D1E9}.Debug|Any CPU.ActiveCfg = Debug|Any CPU
		{182CEDF6-50F1-45FD-B015-59F751F5D1E9}.Debug|Any CPU.Build.0 = Debug|Any CPU
		{182CEDF6-50F1-45FD-B015-59F751F5D1E9}.Release|Any CPU.ActiveCfg = Release|Any CPU
		{182CEDF6-50F1-45FD-B015-59F751F5D1E9}.Release|Any CPU.Build.0 = Release|Any CPU
		{3F99935B-9194-4651-A89D-927B03844474}.Debug|Any CPU.ActiveCfg = Debug|Any CPU
		{3F99935B-9194-4651-A89D-927B03844474}.Debug|Any CPU.Build.0 = Debug|Any CPU
		{3F99935B-9194-4651-A89D-927B03844474}.Release|Any CPU.ActiveCfg = Release|Any CPU
		{3F99935B-9194-4651-A89D-927B03844474}.Release|Any CPU.Build.0 = Release|Any CPU
		{D3A7C067-D6E2-4ADF-8839-EFFE8DD1DFDF}.Debug|Any CPU.ActiveCfg = Debug|Any CPU
		{D3A7C067-D6E2-4ADF-8839-EFFE8DD1DFDF}.Debug|Any CPU.Build.0 = Debug|Any CPU
		{D3A7C067-D6E2-4ADF-8839-EFFE8DD1DFDF}.Release|Any CPU.ActiveCfg = Release|Any CPU
		{D3A7C067-D6E2-4ADF-8839-EFFE8DD1DFDF}.Release|Any CPU.Build.0 = Release|Any CPU
		{75EBBFC9-211F-4B98-900A-7B98C5963EC7}.Debug|Any CPU.ActiveCfg = Debug|Any CPU
		{75EBBFC9-211F-4B98-900A-7B98C5963EC7}.Debug|Any CPU.Build.0 = Debug|Any CPU
		{75EBBFC9-211F-4B98-900A-7B98C5963EC7}.Release|Any CPU.ActiveCfg = Release|Any CPU
		{75EBBFC9-211F-4B98-900A-7B98C5963EC7}.Release|Any CPU.Build.0 = Release|Any CPU
		{EC21E7F7-AEED-4AFD-844A-A59ED0F5C21D}.Debug|Any CPU.ActiveCfg = Debug|Any CPU
		{EC21E7F7-AEED-4AFD-844A-A59ED0F5C21D}.Debug|Any CPU.Build.0 = Debug|Any CPU
		{EC21E7F7-AEED-4AFD-844A-A59ED0F5C21D}.Release|Any CPU.ActiveCfg = Release|Any CPU
		{EC21E7F7-AEED-4AFD-844A-A59ED0F5C21D}.Release|Any CPU.Build.0 = Release|Any CPU
		{CC34AEC8-CC76-4304-A4E8-F5F3D2751DE4}.Debug|Any CPU.ActiveCfg = Debug|Any CPU
		{CC34AEC8-CC76-4304-A4E8-F5F3D2751DE4}.Debug|Any CPU.Build.0 = Debug|Any CPU
		{CC34AEC8-CC76-4304-A4E8-F5F3D2751DE4}.Release|Any CPU.ActiveCfg = Release|Any CPU
		{CC34AEC8-CC76-4304-A4E8-F5F3D2751DE4}.Release|Any CPU.Build.0 = Release|Any CPU
		{C7FCA460-6D1A-49CD-BAED-1EBC6834DB4A}.Debug|Any CPU.ActiveCfg = Debug|Any CPU
		{C7FCA460-6D1A-49CD-BAED-1EBC6834DB4A}.Debug|Any CPU.Build.0 = Debug|Any CPU
		{C7FCA460-6D1A-49CD-BAED-1EBC6834DB4A}.Release|Any CPU.ActiveCfg = Release|Any CPU
		{C7FCA460-6D1A-49CD-BAED-1EBC6834DB4A}.Release|Any CPU.Build.0 = Release|Any CPU
	EndGlobalSection
	GlobalSection(SolutionProperties) = preSolution
		HideSolutionNode = FALSE
	EndGlobalSection
EndGlobal
